# This file is automatically @generated by Wally.
# It is not intended for manual editing.
registry = "test"

[[package]]
name = "chave/squidwardminigame"
version = "0.1.0"
dependencies = [["promise", "evaera/promise@4.0.0"], ["signal", "si-senortn/signal@0.1.0"], ["timer", "sleitnick/timer@1.1.2"]]

[[package]]
name = "evaera/promise"
version = "4.0.0"
dependencies = []

[[package]]
name = "si-senortn/signal"
version = "0.1.0"
dependencies = []

[[package]]
name = "sleitnick/signal"
version = "1.5.0"
dependencies = []

[[package]]
name = "sleitnick/timer"
version = "1.1.2"
dependencies = [["Signal", "sleitnick/signal@1.5.0"]]
